
Microsoft Visual Studio Solution File, Format Version 12.00
# Visual Studio Version 17
VisualStudioVersion = 17.1.32328.378
MinimumVisualStudioVersion = 10.0.40219.1
Project("{2150E333-8FDC-42A3-9474-1A3956D46DE8}") = "src", "src", "{3766C04B-56E8-4F13-926D-6472F2BD4978}"
EndProject
Project("{2150E333-8FDC-42A3-9474-1A3956D46DE8}") = "tests", "tests", "{BADAE2FE-0A6C-415C-8F7A-DCA840B2D08C}"
EndProject
Project("{9A19103F-16F7-4668-BE54-9A1E7A4F7556}") = "Maxle5.Finder", "src\Maxle5.Finder\Maxle5.Finder.csproj", "{124BE89C-D514-46DA-BA52-04E8581E9E5D}"
EndProject
Project("{FAE04EC0-301F-11D3-BF4B-00C04F79EFBC}") = "Maxle5.Finder.UnitTests", "tests\Maxle5.Finder.UnitTests\Maxle5.Finder.UnitTests.csproj", "{D8BEA818-5647-424A-8586-A7D819AECAE6}"
EndProject
Global
	GlobalSection(SolutionConfigurationPlatforms) = preSolution
		Debug|Any CPU = Debug|Any CPU
		Release|Any CPU = Release|Any CPU
	EndGlobalSection
	GlobalSection(ProjectConfigurationPlatforms) = postSolution
		{124BE89C-D514-46DA-BA52-04E8581E9E5D}.Debug|Any CPU.ActiveCfg = Debug|Any CPU
		{124BE89C-D514-46DA-BA52-04E8581E9E5D}.Debug|Any CPU.Build.0 = Debug|Any CPU
		{124BE89C-D514-46DA-BA52-04E8581E9E5D}.Release|Any CPU.ActiveCfg = Release|Any CPU
		{124BE89C-D514-46DA-BA52-04E8581E9E5D}.Release|Any CPU.Build.0 = Release|Any CPU
		{D8BEA818-5647-424A-8586-A7D819AECAE6}.Debug|Any CPU.ActiveCfg = Debug|Any CPU
		{D8BEA818-5647-424A-8586-A7D819AECAE6}.Debug|Any CPU.Build.0 = Debug|Any CPU
		{D8BEA818-5647-424A-8586-A7D819AECAE6}.Release|Any CPU.ActiveCfg = Release|Any CPU
		{D8BEA818-5647-424A-8586-A7D819AECAE6}.Release|Any CPU.Build.0 = Release|Any CPU
	EndGlobalSection
	GlobalSection(SolutionProperties) = preSolution
		HideSolutionNode = FALSE
	EndGlobalSection
	GlobalSection(NestedProjects) = preSolution
		{124BE89C-D514-46DA-BA52-04E8581E9E5D} = {3766C04B-56E8-4F13-926D-6472F2BD4978}
		{D8BEA818-5647-424A-8586-A7D819AECAE6} = {BADAE2FE-0A6C-415C-8F7A-DCA840B2D08C}
	EndGlobalSection
	GlobalSection(ExtensibilityGlobals) = postSolution
		SolutionGuid = {FB5569C3-A1D3-45C5-A620-AA6198EF30F8}
	EndGlobalSection
EndGlobal
